
Microsoft Visual Studio Solution File, Format Version 12.00
# Visual Studio Version 17
VisualStudioVersion = 17.1.32407.343
MinimumVisualStudioVersion = 10.0.40219.1
Project("{9A19103F-16F7-4668-BE54-9A1E7A4F7556}") = "Operators", "Operators\Operators.csproj", "{918AFFD4-5EAD-427E-B976-EAD19F81430C}"
EndProject
Project("{9A19103F-16F7-4668-BE54-9A1E7A4F7556}") = "BooleanOperators.", "BooleanOperators\BooleanOperators..csproj", "{1B2DB205-0EEC-47E0-83DE-A382B1D6D40E}"
EndProject
Project("{9A19103F-16F7-4668-BE54-9A1E7A4F7556}") = "BitwiseAndShiftOperators", "BitwiseAndShiftOperators\BitwiseAndShiftOperators.csproj", "{5AB4A7BC-853E-4CDE-83DE-F3C396567A75}"
EndProject
Project("{9A19103F-16F7-4668-BE54-9A1E7A4F7556}") = "SelectionStatements", "SelectionStatements\SelectionStatements.csproj", "{6C2F3D81-890E-4944-8F02-00E5C1E08F78}"
EndProject
Project("{9A19103F-16F7-4668-BE54-9A1E7A4F7556}") = "IterationStatements", "IterationStatements\IterationStatements.csproj", "{8A678CE8-7F30-4C5E-A791-DE28EA3EA3AB}"
EndProject
Project("{FAE04EC0-301F-11D3-BF4B-00C04F79EFBC}") = "CastingConverting", "CastingConverting\CastingConverting.csproj", "{E8DE3642-30F6-4977-8CEC-03BA7E4613B1}"
EndProject
Project("{FAE04EC0-301F-11D3-BF4B-00C04F79EFBC}") = "HandlingExceptions", "HandlingExceptions\HandlingExceptions.csproj", "{98DB48B2-2E45-48EA-A08D-A5E27AD190CA}"
EndProject
Project("{FAE04EC0-301F-11D3-BF4B-00C04F79EFBC}") = "CheckingForOverflow", "CheckingForOverflow\CheckingForOverflow.csproj", "{15D0E0CD-2164-4BE1-B6BF-AD50C2CD2B4F}"
EndProject
Project("{FAE04EC0-301F-11D3-BF4B-00C04F79EFBC}") = "Exercise02", "Exercise02\Exercise02.csproj", "{63E26A56-F3D7-4F64-9832-66E52B606BC9}"
EndProject
Project("{FAE04EC0-301F-11D3-BF4B-00C04F79EFBC}") = "Exercise03", "Exercise03\Exercise03.csproj", "{2C184B46-D572-4111-A435-E458CD96C35A}"
EndProject
Project("{FAE04EC0-301F-11D3-BF4B-00C04F79EFBC}") = "Exercise04", "Exercise04\Exercise04.csproj", "{ACDD4315-D297-421E-98EE-FB2CA1904F95}"
EndProject
Global
	GlobalSection(SolutionConfigurationPlatforms) = preSolution
		Debug|Any CPU = Debug|Any CPU
		Release|Any CPU = Release|Any CPU
	EndGlobalSection
	GlobalSection(ProjectConfigurationPlatforms) = postSolution
		{918AFFD4-5EAD-427E-B976-EAD19F81430C}.Debug|Any CPU.ActiveCfg = Debug|Any CPU
		{918AFFD4-5EAD-427E-B976-EAD19F81430C}.Debug|Any CPU.Build.0 = Debug|Any CPU
		{918AFFD4-5EAD-427E-B976-EAD19F81430C}.Release|Any CPU.ActiveCfg = Release|Any CPU
		{918AFFD4-5EAD-427E-B976-EAD19F81430C}.Release|Any CPU.Build.0 = Release|Any CPU
		{1B2DB205-0EEC-47E0-83DE-A382B1D6D40E}.Debug|Any CPU.ActiveCfg = Debug|Any CPU
		{1B2DB205-0EEC-47E0-83DE-A382B1D6D40E}.Debug|Any CPU.Build.0 = Debug|Any CPU
		{1B2DB205-0EEC-47E0-83DE-A382B1D6D40E}.Release|Any CPU.ActiveCfg = Release|Any CPU
		{1B2DB205-0EEC-47E0-83DE-A382B1D6D40E}.Release|Any CPU.Build.0 = Release|Any CPU
		{5AB4A7BC-853E-4CDE-83DE-F3C396567A75}.Debug|Any CPU.ActiveCfg = Debug|Any CPU
		{5AB4A7BC-853E-4CDE-83DE-F3C396567A75}.Debug|Any CPU.Build.0 = Debug|Any CPU
		{5AB4A7BC-853E-4CDE-83DE-F3C396567A75}.Release|Any CPU.ActiveCfg = Release|Any CPU
		{5AB4A7BC-853E-4CDE-83DE-F3C396567A75}.Release|Any CPU.Build.0 = Release|Any CPU
		{6C2F3D81-890E-4944-8F02-00E5C1E08F78}.Debug|Any CPU.ActiveCfg = Debug|Any CPU
		{6C2F3D81-890E-4944-8F02-00E5C1E08F78}.Debug|Any CPU.Build.0 = Debug|Any CPU
		{6C2F3D81-890E-4944-8F02-00E5C1E08F78}.Release|Any CPU.ActiveCfg = Release|Any CPU
		{6C2F3D81-890E-4944-8F02-00E5C1E08F78}.Release|Any CPU.Build.0 = Release|Any CPU
		{8A678CE8-7F30-4C5E-A791-DE28EA3EA3AB}.Debug|Any CPU.ActiveCfg = Debug|Any CPU
		{8A678CE8-7F30-4C5E-A791-DE28EA3EA3AB}.Debug|Any CPU.Build.0 = Debug|Any CPU
		{8A678CE8-7F30-4C5E-A791-DE28EA3EA3AB}.Release|Any CPU.ActiveCfg = Release|Any CPU
		{8A678CE8-7F30-4C5E-A791-DE28EA3EA3AB}.Release|Any CPU.Build.0 = Release|Any CPU
		{E8DE3642-30F6-4977-8CEC-03BA7E4613B1}.Debug|Any CPU.ActiveCfg = Debug|Any CPU
		{E8DE3642-30F6-4977-8CEC-03BA7E4613B1}.Debug|Any CPU.Build.0 = Debug|Any CPU
		{E8DE3642-30F6-4977-8CEC-03BA7E4613B1}.Release|Any CPU.ActiveCfg = Release|Any CPU
		{E8DE3642-30F6-4977-8CEC-03BA7E4613B1}.Release|Any CPU.Build.0 = Release|Any CPU
		{98DB48B2-2E45-48EA-A08D-A5E27AD190CA}.Debug|Any CPU.ActiveCfg = Debug|Any CPU
		{98DB48B2-2E45-48EA-A08D-A5E27AD190CA}.Debug|Any CPU.Build.0 = Debug|Any CPU
		{98DB48B2-2E45-48EA-A08D-A5E27AD190CA}.Release|Any CPU.ActiveCfg = Release|Any CPU
		{98DB48B2-2E45-48EA-A08D-A5E27AD190CA}.Release|Any CPU.Build.0 = Release|Any CPU
		{15D0E0CD-2164-4BE1-B6BF-AD50C2CD2B4F}.Debug|Any CPU.ActiveCfg = Debug|Any CPU
		{15D0E0CD-2164-4BE1-B6BF-AD50C2CD2B4F}.Debug|Any CPU.Build.0 = Debug|Any CPU
		{15D0E0CD-2164-4BE1-B6BF-AD50C2CD2B4F}.Release|Any CPU.ActiveCfg = Release|Any CPU
		{15D0E0CD-2164-4BE1-B6BF-AD50C2CD2B4F}.Release|Any CPU.Build.0 = Release|Any CPU
		{63E26A56-F3D7-4F64-9832-66E52B606BC9}.Debug|Any CPU.ActiveCfg = Debug|Any CPU
		{63E26A56-F3D7-4F64-9832-66E52B606BC9}.Debug|Any CPU.Build.0 = Debug|Any CPU
		{63E26A56-F3D7-4F64-9832-66E52B606BC9}.Release|Any CPU.ActiveCfg = Release|Any CPU
		{63E26A56-F3D7-4F64-9832-66E52B606BC9}.Release|Any CPU.Build.0 = Release|Any CPU
		{2C184B46-D572-4111-A435-E458CD96C35A}.Debug|Any CPU.ActiveCfg = Debug|Any CPU
		{2C184B46-D572-4111-A435-E458CD96C35A}.Debug|Any CPU.Build.0 = Debug|Any CPU
		{2C184B46-D572-4111-A435-E458CD96C35A}.Release|Any CPU.ActiveCfg = Release|Any CPU
		{2C184B46-D572-4111-A435-E458CD96C35A}.Release|Any CPU.Build.0 = Release|Any CPU
		{ACDD4315-D297-421E-98EE-FB2CA1904F95}.Debug|Any CPU.ActiveCfg = Debug|Any CPU
		{ACDD4315-D297-421E-98EE-FB2CA1904F95}.Debug|Any CPU.Build.0 = Debug|Any CPU
		{ACDD4315-D297-421E-98EE-FB2CA1904F95}.Release|Any CPU.ActiveCfg = Release|Any CPU
		{ACDD4315-D297-421E-98EE-FB2CA1904F95}.Release|Any CPU.Build.0 = Release|Any CPU
	EndGlobalSection
	GlobalSection(SolutionProperties) = preSolution
		HideSolutionNode = FALSE
	EndGlobalSection
	GlobalSection(ExtensibilityGlobals) = postSolution
		SolutionGuid = {5C9C9A4D-C480-45C7-AC8A-5259AF541777}
	EndGlobalSection
EndGlobal
